<?xml version="1.0" encoding="utf-8"?>
<Project ToolsVersion="16.0" xmlns="http://schemas.microsoft.com/developer/msbuild/2003">
  <ItemGroup>
    <CustomBuild Include="D:\CS_Ariel_Project\build20\CMakeFiles\6ff97aaf65ae7b236fabc547e9c0cd62\INSTALL_force.rule">
      <Filter>CMake Rules</Filter>
    </CustomBuild>
  </ItemGroup>
  <ItemGroup>
    <Filter Include="CMake Rules">
      <UniqueIdentifier>{4B088F8F-9474-3F53-9FC3-D3BBBA357B13}</UniqueIdentifier>
    </Filter>
  </ItemGroup>
</Project>
