<?xml version="1.0" encoding="utf-8"?>
<Project ToolsVersion="16.0" xmlns="http://schemas.microsoft.com/developer/msbuild/2003">
  <ItemGroup>
    <CustomBuild Include="D:\CS_Ariel_Project\buildDebug\CMakeFiles\c846d6a16c26bade1b7d01081cdbb5ed\INSTALL_force.rule">
      <Filter>CMake Rules</Filter>
    </CustomBuild>
  </ItemGroup>
  <ItemGroup>
    <Filter Include="CMake Rules">
      <UniqueIdentifier>{4DDADB27-B13E-3D7B-8F81-8A415A57F1FA}</UniqueIdentifier>
    </Filter>
  </ItemGroup>
</Project>
